
Microsoft Visual Studio Solution File, Format Version 12.00
# Visual Studio Version 16
VisualStudioVersion = 16.0.31410.357
MinimumVisualStudioVersion = 10.0.40219.1
Project("{FAE04EC0-301F-11D3-BF4B-00C04F79EFBC}") = "ApiCatalogoJogosDIO", "ApiCatalogoJogosDIO\ApiCatalogoJogosDIO.csproj", "{F283ED37-AD12-4F9F-90CF-3993910AE162}"
EndProject
Global
	GlobalSection(SolutionConfigurationPlatforms) = preSolution
		Debug|Any CPU = Debug|Any CPU
		Release|Any CPU = Release|Any CPU
	EndGlobalSection
	GlobalSection(ProjectConfigurationPlatforms) = postSolution
		{F283ED37-AD12-4F9F-90CF-3993910AE162}.Debug|Any CPU.ActiveCfg = Debug|Any CPU
		{F283ED37-AD12-4F9F-90CF-3993910AE162}.Debug|Any CPU.Build.0 = Debug|Any CPU
		{F283ED37-AD12-4F9F-90CF-3993910AE162}.Release|Any CPU.ActiveCfg = Release|Any CPU
		{F283ED37-AD12-4F9F-90CF-3993910AE162}.Release|Any CPU.Build.0 = Release|Any CPU
	EndGlobalSection
	GlobalSection(SolutionProperties) = preSolution
		HideSolutionNode = FALSE
	EndGlobalSection
	GlobalSection(ExtensibilityGlobals) = postSolution
		SolutionGuid = {AF61766C-BB19-4F49-836B-EE66D83EEAB8}
	EndGlobalSection
EndGlobal
